
Microsoft Visual Studio Solution File, Format Version 12.00
# Visual Studio Version 17
Project("{2150E333-8FDC-42A3-9474-1A3956D46DE8}") = "CMakePredefinedTargets", "CMakePredefinedTargets", "{6937B804-DC34-3F58-9B49-5BF55DFF769D}"
EndProject
Project("{8BC9CEB8-8B4A-11D0-8D11-00A0C91BC942}") = "ALL_BUILD", "ALL_BUILD.vcxproj", "{CF8B267F-22D7-3924-A3EC-1D162931353C}"
	ProjectSection(ProjectDependencies) = postProject
		{F84B757D-132B-3DC6-94F0-F29307AAE6F2} = {F84B757D-132B-3DC6-94F0-F29307AAE6F2}
		{B82938F9-C9BD-372B-AB9A-23FA8A5D9AD6} = {B82938F9-C9BD-372B-AB9A-23FA8A5D9AD6}
		{80BC2709-14F3-3B77-BDBD-B315D5BCD4D0} = {80BC2709-14F3-3B77-BDBD-B315D5BCD4D0}
	EndProjectSection
EndProject
Project("{8BC9CEB8-8B4A-11D0-8D11-00A0C91BC942}") = "INSTALL", "INSTALL.vcxproj", "{D4FAA608-4FBB-3434-BE0F-CE665FB19C23}"
	ProjectSection(ProjectDependencies) = postProject
		{CF8B267F-22D7-3924-A3EC-1D162931353C} = {CF8B267F-22D7-3924-A3EC-1D162931353C}
		{B82938F9-C9BD-372B-AB9A-23FA8A5D9AD6} = {B82938F9-C9BD-372B-AB9A-23FA8A5D9AD6}
	EndProjectSection
EndProject
Project("{8BC9CEB8-8B4A-11D0-8D11-00A0C91BC942}") = "PluginAnalyser", "PluginAnalyser.vcxproj", "{F84B757D-132B-3DC6-94F0-F29307AAE6F2}"
	ProjectSection(ProjectDependencies) = postProject
		{B82938F9-C9BD-372B-AB9A-23FA8A5D9AD6} = {B82938F9-C9BD-372B-AB9A-23FA8A5D9AD6}
	EndProjectSection
EndProject
Project("{8BC9CEB8-8B4A-11D0-8D11-00A0C91BC942}") = "ZERO_CHECK", "ZERO_CHECK.vcxproj", "{B82938F9-C9BD-372B-AB9A-23FA8A5D9AD6}"
	ProjectSection(ProjectDependencies) = postProject
	EndProjectSection
EndProject
Project("{8BC9CEB8-8B4A-11D0-8D11-00A0C91BC942}") = "plugin_measure_grid_cli", "plugin_measure_grid_cli.vcxproj", "{80BC2709-14F3-3B77-BDBD-B315D5BCD4D0}"
	ProjectSection(ProjectDependencies) = postProject
		{B82938F9-C9BD-372B-AB9A-23FA8A5D9AD6} = {B82938F9-C9BD-372B-AB9A-23FA8A5D9AD6}
	EndProjectSection
EndProject
Global
	GlobalSection(SolutionConfigurationPlatforms) = preSolution
		Debug|x64 = Debug|x64
		Release|x64 = Release|x64
		MinSizeRel|x64 = MinSizeRel|x64
		RelWithDebInfo|x64 = RelWithDebInfo|x64
	EndGlobalSection
	GlobalSection(ProjectConfigurationPlatforms) = postSolution
		{CF8B267F-22D7-3924-A3EC-1D162931353C}.Debug|x64.ActiveCfg = Debug|x64
		{CF8B267F-22D7-3924-A3EC-1D162931353C}.Debug|x64.Build.0 = Debug|x64
		{CF8B267F-22D7-3924-A3EC-1D162931353C}.Release|x64.ActiveCfg = Release|x64
		{CF8B267F-22D7-3924-A3EC-1D162931353C}.Release|x64.Build.0 = Release|x64
		{CF8B267F-22D7-3924-A3EC-1D162931353C}.MinSizeRel|x64.ActiveCfg = MinSizeRel|x64
		{CF8B267F-22D7-3924-A3EC-1D162931353C}.MinSizeRel|x64.Build.0 = MinSizeRel|x64
		{CF8B267F-22D7-3924-A3EC-1D162931353C}.RelWithDebInfo|x64.ActiveCfg = RelWithDebInfo|x64
		{CF8B267F-22D7-3924-A3EC-1D162931353C}.RelWithDebInfo|x64.Build.0 = RelWithDebInfo|x64
		{D4FAA608-4FBB-3434-BE0F-CE665FB19C23}.Debug|x64.ActiveCfg = Debug|x64
		{D4FAA608-4FBB-3434-BE0F-CE665FB19C23}.Release|x64.ActiveCfg = Release|x64
		{D4FAA608-4FBB-3434-BE0F-CE665FB19C23}.MinSizeRel|x64.ActiveCfg = MinSizeRel|x64
		{D4FAA608-4FBB-3434-BE0F-CE665FB19C23}.RelWithDebInfo|x64.ActiveCfg = RelWithDebInfo|x64
		{F84B757D-132B-3DC6-94F0-F29307AAE6F2}.Debug|x64.ActiveCfg = Debug|x64
		{F84B757D-132B-3DC6-94F0-F29307AAE6F2}.Debug|x64.Build.0 = Debug|x64
		{F84B757D-132B-3DC6-94F0-F29307AAE6F2}.Release|x64.ActiveCfg = Release|x64
		{F84B757D-132B-3DC6-94F0-F29307AAE6F2}.Release|x64.Build.0 = Release|x64
		{F84B757D-132B-3DC6-94F0-F29307AAE6F2}.MinSizeRel|x64.ActiveCfg = MinSizeRel|x64
		{F84B757D-132B-3DC6-94F0-F29307AAE6F2}.MinSizeRel|x64.Build.0 = MinSizeRel|x64
		{F84B757D-132B-3DC6-94F0-F29307AAE6F2}.RelWithDebInfo|x64.ActiveCfg = RelWithDebInfo|x64
		{F84B757D-132B-3DC6-94F0-F29307AAE6F2}.RelWithDebInfo|x64.Build.0 = RelWithDebInfo|x64
		{B82938F9-C9BD-372B-AB9A-23FA8A5D9AD6}.Debug|x64.ActiveCfg = Debug|x64
		{B82938F9-C9BD-372B-AB9A-23FA8A5D9AD6}.Debug|x64.Build.0 = Debug|x64
		{B82938F9-C9BD-372B-AB9A-23FA8A5D9AD6}.Release|x64.ActiveCfg = Release|x64
		{B82938F9-C9BD-372B-AB9A-23FA8A5D9AD6}.Release|x64.Build.0 = Release|x64
		{B82938F9-C9BD-372B-AB9A-23FA8A5D9AD6}.MinSizeRel|x64.ActiveCfg = MinSizeRel|x64
		{B82938F9-C9BD-372B-AB9A-23FA8A5D9AD6}.MinSizeRel|x64.Build.0 = MinSizeRel|x64
		{B82938F9-C9BD-372B-AB9A-23FA8A5D9AD6}.RelWithDebInfo|x64.ActiveCfg = RelWithDebInfo|x64
		{B82938F9-C9BD-372B-AB9A-23FA8A5D9AD6}.RelWithDebInfo|x64.Build.0 = RelWithDebInfo|x64
		{80BC2709-14F3-3B77-BDBD-B315D5BCD4D0}.Debug|x64.ActiveCfg = Debug|x64
		{80BC2709-14F3-3B77-BDBD-B315D5BCD4D0}.Debug|x64.Build.0 = Debug|x64
		{80BC2709-14F3-3B77-BDBD-B315D5BCD4D0}.Release|x64.ActiveCfg = Release|x64
		{80BC2709-14F3-3B77-BDBD-B315D5BCD4D0}.Release|x64.Build.0 = Release|x64
		{80BC2709-14F3-3B77-BDBD-B315D5BCD4D0}.MinSizeRel|x64.ActiveCfg = MinSizeRel|x64
		{80BC2709-14F3-3B77-BDBD-B315D5BCD4D0}.MinSizeRel|x64.Build.0 = MinSizeRel|x64
		{80BC2709-14F3-3B77-BDBD-B315D5BCD4D0}.RelWithDebInfo|x64.ActiveCfg = RelWithDebInfo|x64
		{80BC2709-14F3-3B77-BDBD-B315D5BCD4D0}.RelWithDebInfo|x64.Build.0 = RelWithDebInfo|x64
	EndGlobalSection
	GlobalSection(NestedProjects) = preSolution
		{CF8B267F-22D7-3924-A3EC-1D162931353C} = {6937B804-DC34-3F58-9B49-5BF55DFF769D}
		{D4FAA608-4FBB-3434-BE0F-CE665FB19C23} = {6937B804-DC34-3F58-9B49-5BF55DFF769D}
		{B82938F9-C9BD-372B-AB9A-23FA8A5D9AD6} = {6937B804-DC34-3F58-9B49-5BF55DFF769D}
	EndGlobalSection
	GlobalSection(ExtensibilityGlobals) = postSolution
		SolutionGuid = {67B93949-05C5-3259-8B38-E4D678963083}
	EndGlobalSection
	GlobalSection(ExtensibilityAddIns) = postSolution
	EndGlobalSection
EndGlobal
